
Microsoft Visual Studio Solution File, Format Version 12.00
# Visual Studio Version 18
VisualStudioVersion = 18.4.11612.150
MinimumVisualStudioVersion = 10.0.40219.1
Project("{FAE04EC0-301F-11D3-BF4B-00C04F79EFBC}") = "Talabat.Payments", "Talabat.Payments\Talabat.Payments.csproj", "{F4E663F4-B418-4A95-AF89-C3468DB01F84}"
EndProject
Project("{FAE04EC0-301F-11D3-BF4B-00C04F79EFBC}") = "Talabat.Payments.Contracts", "Talabat.Payments.Contracts\Talabat.Payments.Contracts.csproj", "{07789D09-FF5F-4093-8D6F-31005D57490A}"
EndProject
Project("{2150E333-8FDC-42A3-9474-1A3956D46DE8}") = "Orders Module", "Orders Module", "{51A221CC-F2C3-4954-AB95-51046B3098E5}"
EndProject
Project("{2150E333-8FDC-42A3-9474-1A3956D46DE8}") = "Products Module", "Products Module", "{A959CEAE-4900-4538-897E-DB8C7139E01D}"
EndProject
Project("{2150E333-8FDC-42A3-9474-1A3956D46DE8}") = "Users Module", "Users Module", "{4AF0EDE6-2E94-4DEE-B957-167AF8C149FC}"
EndProject
Project("{2150E333-8FDC-42A3-9474-1A3956D46DE8}") = "Payments Module", "Payments Module", "{A769BB6A-90CE-423C-B17A-BEC77A497E23}"
EndProject
Project("{FAE04EC0-301F-11D3-BF4B-00C04F79EFBC}") = "Talabat.SharedKernal", "Talabat.SharedKernal\Talabat.SharedKernal.csproj", "{92B8A947-94AC-43EC-A45A-724F2CB6F825}"
EndProject
Project("{FAE04EC0-301F-11D3-BF4B-00C04F79EFBC}") = "Talabat.Users", "Talabat.Users\Talabat.Users.csproj", "{7D6CDB4B-9113-4BF8-A166-989E0FC46171}"
EndProject
Project("{FAE04EC0-301F-11D3-BF4B-00C04F79EFBC}") = "Talabat.Products", "Talabat.Products\Talabat.Products.csproj", "{12E7B31B-87D6-41EA-9D0C-BBF8DFD7533B}"
EndProject
Project("{FAE04EC0-301F-11D3-BF4B-00C04F79EFBC}") = "Talabat.Products.Contracts", "Talabat.Products.Contracts\Talabat.Products.Contracts.csproj", "{350BD387-AF30-4E72-A346-77BDC41E2586}"
EndProject
Project("{FAE04EC0-301F-11D3-BF4B-00C04F79EFBC}") = "Talabat.Users.Contracts", "Talabat.Users.Contracts\Talabat.Users.Contracts.csproj", "{31A1F6E5-9556-493C-A2EA-923CA7DFDF2A}"
EndProject
Project("{FAE04EC0-301F-11D3-BF4B-00C04F79EFBC}") = "Talabat.Orders", "Talabat.Orders\Talabat.Orders.csproj", "{B6AC426B-7951-46E6-9FFE-CEBD6CEBD651}"
EndProject
Project("{FAE04EC0-301F-11D3-BF4B-00C04F79EFBC}") = "Talabat.Orders.Contracts", "Talabat.Orders.Contracts\Talabat.Orders.Contracts.csproj", "{99220FC0-53D6-46E9-9957-A7123E43F58C}"
EndProject
Project("{FAE04EC0-301F-11D3-BF4B-00C04F79EFBC}") = "Talabat.Users.UnitTests", "Talabat.Users.UnitTests\Talabat.Users.UnitTests.csproj", "{85594AB1-6D90-4F51-B113-618A257A40BD}"
EndProject
Project("{FAE04EC0-301F-11D3-BF4B-00C04F79EFBC}") = "Talabat.Users.IntegrationTests", "Talabat.Users.IntegrationTests\Talabat.Users.IntegrationTests.csproj", "{6241708A-4DF8-48A1-8646-923CA81AB0BA}"
EndProject
Project("{FAE04EC0-301F-11D3-BF4B-00C04F79EFBC}") = "Talabat.Api", "Talabat.Api\Talabat.Api.csproj", "{9B4FF79F-27D4-4C5E-BA51-D66BBFC50C4C}"
EndProject
Project("{FAE04EC0-301F-11D3-BF4B-00C04F79EFBC}") = "Talabat.Accounts.Contracts", "Talabat.Accounts.Contracts\Talabat.Accounts.Contracts.csproj", "{0136F07F-F11F-4355-8B92-A0012402DE28}"
EndProject
Project("{FAE04EC0-301F-11D3-BF4B-00C04F79EFBC}") = "Talabat.Accounts", "Talabat.Accounts\Talabat.Accounts.csproj", "{25064129-19F8-46EC-B300-285FD65E7EE0}"
EndProject
Global
	GlobalSection(SolutionConfigurationPlatforms) = preSolution
		Debug|Any CPU = Debug|Any CPU
		Debug|x64 = Debug|x64
		Debug|x86 = Debug|x86
		Release|Any CPU = Release|Any CPU
		Release|x64 = Release|x64
		Release|x86 = Release|x86
	EndGlobalSection
	GlobalSection(ProjectConfigurationPlatforms) = postSolution
		{F4E663F4-B418-4A95-AF89-C3468DB01F84}.Debug|Any CPU.ActiveCfg = Debug|Any CPU
		{F4E663F4-B418-4A95-AF89-C3468DB01F84}.Debug|Any CPU.Build.0 = Debug|Any CPU
		{F4E663F4-B418-4A95-AF89-C3468DB01F84}.Debug|x64.ActiveCfg = Debug|Any CPU
		{F4E663F4-B418-4A95-AF89-C3468DB01F84}.Debug|x64.Build.0 = Debug|Any CPU
		{F4E663F4-B418-4A95-AF89-C3468DB01F84}.Debug|x86.ActiveCfg = Debug|Any CPU
		{F4E663F4-B418-4A95-AF89-C3468DB01F84}.Debug|x86.Build.0 = Debug|Any CPU
		{F4E663F4-B418-4A95-AF89-C3468DB01F84}.Release|Any CPU.ActiveCfg = Release|Any CPU
		{F4E663F4-B418-4A95-AF89-C3468DB01F84}.Release|Any CPU.Build.0 = Release|Any CPU
		{F4E663F4-B418-4A95-AF89-C3468DB01F84}.Release|x64.ActiveCfg = Release|Any CPU
		{F4E663F4-B418-4A95-AF89-C3468DB01F84}.Release|x64.Build.0 = Release|Any CPU
		{F4E663F4-B418-4A95-AF89-C3468DB01F84}.Release|x86.ActiveCfg = Release|Any CPU
		{F4E663F4-B418-4A95-AF89-C3468DB01F84}.Release|x86.Build.0 = Release|Any CPU
		{07789D09-FF5F-4093-8D6F-31005D57490A}.Debug|Any CPU.ActiveCfg = Debug|Any CPU
		{07789D09-FF5F-4093-8D6F-31005D57490A}.Debug|Any CPU.Build.0 = Debug|Any CPU
		{07789D09-FF5F-4093-8D6F-31005D57490A}.Debug|x64.ActiveCfg = Debug|Any CPU
		{07789D09-FF5F-4093-8D6F-31005D57490A}.Debug|x64.Build.0 = Debug|Any CPU
		{07789D09-FF5F-4093-8D6F-31005D57490A}.Debug|x86.ActiveCfg = Debug|Any CPU
		{07789D09-FF5F-4093-8D6F-31005D57490A}.Debug|x86.Build.0 = Debug|Any CPU
		{07789D09-FF5F-4093-8D6F-31005D57490A}.Release|Any CPU.ActiveCfg = Release|Any CPU
		{07789D09-FF5F-4093-8D6F-31005D57490A}.Release|Any CPU.Build.0 = Release|Any CPU
		{07789D09-FF5F-4093-8D6F-31005D57490A}.Release|x64.ActiveCfg = Release|Any CPU
		{07789D09-FF5F-4093-8D6F-31005D57490A}.Release|x64.Build.0 = Release|Any CPU
		{07789D09-FF5F-4093-8D6F-31005D57490A}.Release|x86.ActiveCfg = Release|Any CPU
		{07789D09-FF5F-4093-8D6F-31005D57490A}.Release|x86.Build.0 = Release|Any CPU
		{92B8A947-94AC-43EC-A45A-724F2CB6F825}.Debug|Any CPU.ActiveCfg = Debug|Any CPU
		{92B8A947-94AC-43EC-A45A-724F2CB6F825}.Debug|Any CPU.Build.0 = Debug|Any CPU
		{92B8A947-94AC-43EC-A45A-724F2CB6F825}.Debug|x64.ActiveCfg = Debug|Any CPU
		{92B8A947-94AC-43EC-A45A-724F2CB6F825}.Debug|x64.Build.0 = Debug|Any CPU
		{92B8A947-94AC-43EC-A45A-724F2CB6F825}.Debug|x86.ActiveCfg = Debug|Any CPU
		{92B8A947-94AC-43EC-A45A-724F2CB6F825}.Debug|x86.Build.0 = Debug|Any CPU
		{92B8A947-94AC-43EC-A45A-724F2CB6F825}.Release|Any CPU.ActiveCfg = Release|Any CPU
		{92B8A947-94AC-43EC-A45A-724F2CB6F825}.Release|Any CPU.Build.0 = Release|Any CPU
		{92B8A947-94AC-43EC-A45A-724F2CB6F825}.Release|x64.ActiveCfg = Release|Any CPU
		{92B8A947-94AC-43EC-A45A-724F2CB6F825}.Release|x64.Build.0 = Release|Any CPU
		{92B8A947-94AC-43EC-A45A-724F2CB6F825}.Release|x86.ActiveCfg = Release|Any CPU
		{92B8A947-94AC-43EC-A45A-724F2CB6F825}.Release|x86.Build.0 = Release|Any CPU
		{7D6CDB4B-9113-4BF8-A166-989E0FC46171}.Debug|Any CPU.ActiveCfg = Debug|Any CPU
		{7D6CDB4B-9113-4BF8-A166-989E0FC46171}.Debug|Any CPU.Build.0 = Debug|Any CPU
		{7D6CDB4B-9113-4BF8-A166-989E0FC46171}.Debug|x64.ActiveCfg = Debug|Any CPU
		{7D6CDB4B-9113-4BF8-A166-989E0FC46171}.Debug|x64.Build.0 = Debug|Any CPU
		{7D6CDB4B-9113-4BF8-A166-989E0FC46171}.Debug|x86.ActiveCfg = Debug|Any CPU
		{7D6CDB4B-9113-4BF8-A166-989E0FC46171}.Debug|x86.Build.0 = Debug|Any CPU
		{7D6CDB4B-9113-4BF8-A166-989E0FC46171}.Release|Any CPU.ActiveCfg = Release|Any CPU
		{7D6CDB4B-9113-4BF8-A166-989E0FC46171}.Release|Any CPU.Build.0 = Release|Any CPU
		{7D6CDB4B-9113-4BF8-A166-989E0FC46171}.Release|x64.ActiveCfg = Release|Any CPU
		{7D6CDB4B-9113-4BF8-A166-989E0FC46171}.Release|x64.Build.0 = Release|Any CPU
		{7D6CDB4B-9113-4BF8-A166-989E0FC46171}.Release|x86.ActiveCfg = Release|Any CPU
		{7D6CDB4B-9113-4BF8-A166-989E0FC46171}.Release|x86.Build.0 = Release|Any CPU
		{12E7B31B-87D6-41EA-9D0C-BBF8DFD7533B}.Debug|Any CPU.ActiveCfg = Debug|Any CPU
		{12E7B31B-87D6-41EA-9D0C-BBF8DFD7533B}.Debug|Any CPU.Build.0 = Debug|Any CPU
		{12E7B31B-87D6-41EA-9D0C-BBF8DFD7533B}.Debug|x64.ActiveCfg = Debug|Any CPU
		{12E7B31B-87D6-41EA-9D0C-BBF8DFD7533B}.Debug|x64.Build.0 = Debug|Any CPU
		{12E7B31B-87D6-41EA-9D0C-BBF8DFD7533B}.Debug|x86.ActiveCfg = Debug|Any CPU
		{12E7B31B-87D6-41EA-9D0C-BBF8DFD7533B}.Debug|x86.Build.0 = Debug|Any CPU
		{12E7B31B-87D6-41EA-9D0C-BBF8DFD7533B}.Release|Any CPU.ActiveCfg = Release|Any CPU
		{12E7B31B-87D6-41EA-9D0C-BBF8DFD7533B}.Release|Any CPU.Build.0 = Release|Any CPU
		{12E7B31B-87D6-41EA-9D0C-BBF8DFD7533B}.Release|x64.ActiveCfg = Release|Any CPU
		{12E7B31B-87D6-41EA-9D0C-BBF8DFD7533B}.Release|x64.Build.0 = Release|Any CPU
		{12E7B31B-87D6-41EA-9D0C-BBF8DFD7533B}.Release|x86.ActiveCfg = Release|Any CPU
		{12E7B31B-87D6-41EA-9D0C-BBF8DFD7533B}.Release|x86.Build.0 = Release|Any CPU
		{350BD387-AF30-4E72-A346-77BDC41E2586}.Debug|Any CPU.ActiveCfg = Debug|Any CPU
		{350BD387-AF30-4E72-A346-77BDC41E2586}.Debug|Any CPU.Build.0 = Debug|Any CPU
		{350BD387-AF30-4E72-A346-77BDC41E2586}.Debug|x64.ActiveCfg = Debug|Any CPU
		{350BD387-AF30-4E72-A346-77BDC41E2586}.Debug|x64.Build.0 = Debug|Any CPU
		{350BD387-AF30-4E72-A346-77BDC41E2586}.Debug|x86.ActiveCfg = Debug|Any CPU
		{350BD387-AF30-4E72-A346-77BDC41E2586}.Debug|x86.Build.0 = Debug|Any CPU
		{350BD387-AF30-4E72-A346-77BDC41E2586}.Release|Any CPU.ActiveCfg = Release|Any CPU
		{350BD387-AF30-4E72-A346-77BDC41E2586}.Release|Any CPU.Build.0 = Release|Any CPU
		{350BD387-AF30-4E72-A346-77BDC41E2586}.Release|x64.ActiveCfg = Release|Any CPU
		{350BD387-AF30-4E72-A346-77BDC41E2586}.Release|x64.Build.0 = Release|Any CPU
		{350BD387-AF30-4E72-A346-77BDC41E2586}.Release|x86.ActiveCfg = Release|Any CPU
		{350BD387-AF30-4E72-A346-77BDC41E2586}.Release|x86.Build.0 = Release|Any CPU
		{31A1F6E5-9556-493C-A2EA-923CA7DFDF2A}.Debug|Any CPU.ActiveCfg = Debug|Any CPU
		{31A1F6E5-9556-493C-A2EA-923CA7DFDF2A}.Debug|Any CPU.Build.0 = Debug|Any CPU
		{31A1F6E5-9556-493C-A2EA-923CA7DFDF2A}.Debug|x64.ActiveCfg = Debug|Any CPU
		{31A1F6E5-9556-493C-A2EA-923CA7DFDF2A}.Debug|x64.Build.0 = Debug|Any CPU
		{31A1F6E5-9556-493C-A2EA-923CA7DFDF2A}.Debug|x86.ActiveCfg = Debug|Any CPU
		{31A1F6E5-9556-493C-A2EA-923CA7DFDF2A}.Debug|x86.Build.0 = Debug|Any CPU
		{31A1F6E5-9556-493C-A2EA-923CA7DFDF2A}.Release|Any CPU.ActiveCfg = Release|Any CPU
		{31A1F6E5-9556-493C-A2EA-923CA7DFDF2A}.Release|Any CPU.Build.0 = Release|Any CPU
		{31A1F6E5-9556-493C-A2EA-923CA7DFDF2A}.Release|x64.ActiveCfg = Release|Any CPU
		{31A1F6E5-9556-493C-A2EA-923CA7DFDF2A}.Release|x64.Build.0 = Release|Any CPU
		{31A1F6E5-9556-493C-A2EA-923CA7DFDF2A}.Release|x86.ActiveCfg = Release|Any CPU
		{31A1F6E5-9556-493C-A2EA-923CA7DFDF2A}.Release|x86.Build.0 = Release|Any CPU
		{B6AC426B-7951-46E6-9FFE-CEBD6CEBD651}.Debug|Any CPU.ActiveCfg = Debug|Any CPU
		{B6AC426B-7951-46E6-9FFE-CEBD6CEBD651}.Debug|Any CPU.Build.0 = Debug|Any CPU
		{B6AC426B-7951-46E6-9FFE-CEBD6CEBD651}.Debug|x64.ActiveCfg = Debug|Any CPU
		{B6AC426B-7951-46E6-9FFE-CEBD6CEBD651}.Debug|x64.Build.0 = Debug|Any CPU
		{B6AC426B-7951-46E6-9FFE-CEBD6CEBD651}.Debug|x86.ActiveCfg = Debug|Any CPU
		{B6AC426B-7951-46E6-9FFE-CEBD6CEBD651}.Debug|x86.Build.0 = Debug|Any CPU
		{B6AC426B-7951-46E6-9FFE-CEBD6CEBD651}.Release|Any CPU.ActiveCfg = Release|Any CPU
		{B6AC426B-7951-46E6-9FFE-CEBD6CEBD651}.Release|Any CPU.Build.0 = Release|Any CPU
		{B6AC426B-7951-46E6-9FFE-CEBD6CEBD651}.Release|x64.ActiveCfg = Release|Any CPU
		{B6AC426B-7951-46E6-9FFE-CEBD6CEBD651}.Release|x64.Build.0 = Release|Any CPU
		{B6AC426B-7951-46E6-9FFE-CEBD6CEBD651}.Release|x86.ActiveCfg = Release|Any CPU
		{B6AC426B-7951-46E6-9FFE-CEBD6CEBD651}.Release|x86.Build.0 = Release|Any CPU
		{99220FC0-53D6-46E9-9957-A7123E43F58C}.Debug|Any CPU.ActiveCfg = Debug|Any CPU
		{99220FC0-53D6-46E9-9957-A7123E43F58C}.Debug|Any CPU.Build.0 = Debug|Any CPU
		{99220FC0-53D6-46E9-9957-A7123E43F58C}.Debug|x64.ActiveCfg = Debug|Any CPU
		{99220FC0-53D6-46E9-9957-A7123E43F58C}.Debug|x64.Build.0 = Debug|Any CPU
		{99220FC0-53D6-46E9-9957-A7123E43F58C}.Debug|x86.ActiveCfg = Debug|Any CPU
		{99220FC0-53D6-46E9-9957-A7123E43F58C}.Debug|x86.Build.0 = Debug|Any CPU
		{99220FC0-53D6-46E9-9957-A7123E43F58C}.Release|Any CPU.ActiveCfg = Release|Any CPU
		{99220FC0-53D6-46E9-9957-A7123E43F58C}.Release|Any CPU.Build.0 = Release|Any CPU
		{99220FC0-53D6-46E9-9957-A7123E43F58C}.Release|x64.ActiveCfg = Release|Any CPU
		{99220FC0-53D6-46E9-9957-A7123E43F58C}.Release|x64.Build.0 = Release|Any CPU
		{99220FC0-53D6-46E9-9957-A7123E43F58C}.Release|x86.ActiveCfg = Release|Any CPU
		{99220FC0-53D6-46E9-9957-A7123E43F58C}.Release|x86.Build.0 = Release|Any CPU
		{85594AB1-6D90-4F51-B113-618A257A40BD}.Debug|Any CPU.ActiveCfg = Debug|Any CPU
		{85594AB1-6D90-4F51-B113-618A257A40BD}.Debug|Any CPU.Build.0 = Debug|Any CPU
		{85594AB1-6D90-4F51-B113-618A257A40BD}.Debug|x64.ActiveCfg = Debug|Any CPU
		{85594AB1-6D90-4F51-B113-618A257A40BD}.Debug|x64.Build.0 = Debug|Any CPU
		{85594AB1-6D90-4F51-B113-618A257A40BD}.Debug|x86.ActiveCfg = Debug|Any CPU
		{85594AB1-6D90-4F51-B113-618A257A40BD}.Debug|x86.Build.0 = Debug|Any CPU
		{85594AB1-6D90-4F51-B113-618A257A40BD}.Release|Any CPU.ActiveCfg = Release|Any CPU
		{85594AB1-6D90-4F51-B113-618A257A40BD}.Release|Any CPU.Build.0 = Release|Any CPU
		{85594AB1-6D90-4F51-B113-618A257A40BD}.Release|x64.ActiveCfg = Release|Any CPU
		{85594AB1-6D90-4F51-B113-618A257A40BD}.Release|x64.Build.0 = Release|Any CPU
		{85594AB1-6D90-4F51-B113-618A257A40BD}.Release|x86.ActiveCfg = Release|Any CPU
		{85594AB1-6D90-4F51-B113-618A257A40BD}.Release|x86.Build.0 = Release|Any CPU
		{6241708A-4DF8-48A1-8646-923CA81AB0BA}.Debug|Any CPU.ActiveCfg = Debug|Any CPU
		{6241708A-4DF8-48A1-8646-923CA81AB0BA}.Debug|Any CPU.Build.0 = Debug|Any CPU
		{6241708A-4DF8-48A1-8646-923CA81AB0BA}.Debug|x64.ActiveCfg = Debug|Any CPU
		{6241708A-4DF8-48A1-8646-923CA81AB0BA}.Debug|x64.Build.0 = Debug|Any CPU
		{6241708A-4DF8-48A1-8646-923CA81AB0BA}.Debug|x86.ActiveCfg = Debug|Any CPU
		{6241708A-4DF8-48A1-8646-923CA81AB0BA}.Debug|x86.Build.0 = Debug|Any CPU
		{6241708A-4DF8-48A1-8646-923CA81AB0BA}.Release|Any CPU.ActiveCfg = Release|Any CPU
		{6241708A-4DF8-48A1-8646-923CA81AB0BA}.Release|Any CPU.Build.0 = Release|Any CPU
		{6241708A-4DF8-48A1-8646-923CA81AB0BA}.Release|x64.ActiveCfg = Release|Any CPU
		{6241708A-4DF8-48A1-8646-923CA81AB0BA}.Release|x64.Build.0 = Release|Any CPU
		{6241708A-4DF8-48A1-8646-923CA81AB0BA}.Release|x86.ActiveCfg = Release|Any CPU
		{6241708A-4DF8-48A1-8646-923CA81AB0BA}.Release|x86.Build.0 = Release|Any CPU
		{9B4FF79F-27D4-4C5E-BA51-D66BBFC50C4C}.Debug|Any CPU.ActiveCfg = Debug|Any CPU
		{9B4FF79F-27D4-4C5E-BA51-D66BBFC50C4C}.Debug|Any CPU.Build.0 = Debug|Any CPU
		{9B4FF79F-27D4-4C5E-BA51-D66BBFC50C4C}.Debug|x64.ActiveCfg = Debug|Any CPU
		{9B4FF79F-27D4-4C5E-BA51-D66BBFC50C4C}.Debug|x64.Build.0 = Debug|Any CPU
		{9B4FF79F-27D4-4C5E-BA51-D66BBFC50C4C}.Debug|x86.ActiveCfg = Debug|Any CPU
		{9B4FF79F-27D4-4C5E-BA51-D66BBFC50C4C}.Debug|x86.Build.0 = Debug|Any CPU
		{9B4FF79F-27D4-4C5E-BA51-D66BBFC50C4C}.Release|Any CPU.ActiveCfg = Release|Any CPU
		{9B4FF79F-27D4-4C5E-BA51-D66BBFC50C4C}.Release|Any CPU.Build.0 = Release|Any CPU
		{9B4FF79F-27D4-4C5E-BA51-D66BBFC50C4C}.Release|x64.ActiveCfg = Release|Any CPU
		{9B4FF79F-27D4-4C5E-BA51-D66BBFC50C4C}.Release|x64.Build.0 = Release|Any CPU
		{9B4FF79F-27D4-4C5E-BA51-D66BBFC50C4C}.Release|x86.ActiveCfg = Release|Any CPU
		{9B4FF79F-27D4-4C5E-BA51-D66BBFC50C4C}.Release|x86.Build.0 = Release|Any CPU
		{0136F07F-F11F-4355-8B92-A0012402DE28}.Debug|Any CPU.ActiveCfg = Debug|Any CPU
		{0136F07F-F11F-4355-8B92-A0012402DE28}.Debug|Any CPU.Build.0 = Debug|Any CPU
		{0136F07F-F11F-4355-8B92-A0012402DE28}.Debug|x64.ActiveCfg = Debug|Any CPU
		{0136F07F-F11F-4355-8B92-A0012402DE28}.Debug|x64.Build.0 = Debug|Any CPU
		{0136F07F-F11F-4355-8B92-A0012402DE28}.Debug|x86.ActiveCfg = Debug|Any CPU
		{0136F07F-F11F-4355-8B92-A0012402DE28}.Debug|x86.Build.0 = Debug|Any CPU
		{0136F07F-F11F-4355-8B92-A0012402DE28}.Release|Any CPU.ActiveCfg = Release|Any CPU
		{0136F07F-F11F-4355-8B92-A0012402DE28}.Release|Any CPU.Build.0 = Release|Any CPU
		{0136F07F-F11F-4355-8B92-A0012402DE28}.Release|x64.ActiveCfg = Release|Any CPU
		{0136F07F-F11F-4355-8B92-A0012402DE28}.Release|x64.Build.0 = Release|Any CPU
		{0136F07F-F11F-4355-8B92-A0012402DE28}.Release|x86.ActiveCfg = Release|Any CPU
		{0136F07F-F11F-4355-8B92-A0012402DE28}.Release|x86.Build.0 = Release|Any CPU
		{25064129-19F8-46EC-B300-285FD65E7EE0}.Debug|Any CPU.ActiveCfg = Debug|Any CPU
		{25064129-19F8-46EC-B300-285FD65E7EE0}.Debug|Any CPU.Build.0 = Debug|Any CPU
		{25064129-19F8-46EC-B300-285FD65E7EE0}.Debug|x64.ActiveCfg = Debug|Any CPU
		{25064129-19F8-46EC-B300-285FD65E7EE0}.Debug|x64.Build.0 = Debug|Any CPU
		{25064129-19F8-46EC-B300-285FD65E7EE0}.Debug|x86.ActiveCfg = Debug|Any CPU
		{25064129-19F8-46EC-B300-285FD65E7EE0}.Debug|x86.Build.0 = Debug|Any CPU
		{25064129-19F8-46EC-B300-285FD65E7EE0}.Release|Any CPU.ActiveCfg = Release|Any CPU
		{25064129-19F8-46EC-B300-285FD65E7EE0}.Release|Any CPU.Build.0 = Release|Any CPU
		{25064129-19F8-46EC-B300-285FD65E7EE0}.Release|x64.ActiveCfg = Release|Any CPU
		{25064129-19F8-46EC-B300-285FD65E7EE0}.Release|x64.Build.0 = Release|Any CPU
		{25064129-19F8-46EC-B300-285FD65E7EE0}.Release|x86.ActiveCfg = Release|Any CPU
		{25064129-19F8-46EC-B300-285FD65E7EE0}.Release|x86.Build.0 = Release|Any CPU
	EndGlobalSection
	GlobalSection(SolutionProperties) = preSolution
		HideSolutionNode = FALSE
	EndGlobalSection
	GlobalSection(NestedProjects) = preSolution
		{F4E663F4-B418-4A95-AF89-C3468DB01F84} = {A769BB6A-90CE-423C-B17A-BEC77A497E23}
		{07789D09-FF5F-4093-8D6F-31005D57490A} = {A769BB6A-90CE-423C-B17A-BEC77A497E23}
		{7D6CDB4B-9113-4BF8-A166-989E0FC46171} = {4AF0EDE6-2E94-4DEE-B957-167AF8C149FC}
		{12E7B31B-87D6-41EA-9D0C-BBF8DFD7533B} = {A959CEAE-4900-4538-897E-DB8C7139E01D}
		{350BD387-AF30-4E72-A346-77BDC41E2586} = {A959CEAE-4900-4538-897E-DB8C7139E01D}
		{31A1F6E5-9556-493C-A2EA-923CA7DFDF2A} = {4AF0EDE6-2E94-4DEE-B957-167AF8C149FC}
		{B6AC426B-7951-46E6-9FFE-CEBD6CEBD651} = {51A221CC-F2C3-4954-AB95-51046B3098E5}
		{99220FC0-53D6-46E9-9957-A7123E43F58C} = {51A221CC-F2C3-4954-AB95-51046B3098E5}
		{85594AB1-6D90-4F51-B113-618A257A40BD} = {4AF0EDE6-2E94-4DEE-B957-167AF8C149FC}
	EndGlobalSection
	GlobalSection(ExtensibilityGlobals) = postSolution
		SolutionGuid = {01A7550C-C626-40DB-8B17-9B3F1969E391}
	EndGlobalSection
EndGlobal
